<?xml version="1.0" encoding="UTF-8" standalone="yes" ?>
<CodeBlocks_project_file>
	<FileVersion major="1" minor="6" />
	<Project>
		<Option title="VehSim" />
		<Option pch_mode="2" />
		<Option compiler="gcc" />
		<Build>
			<Target title="Release">
				<Option output="bin/Release/VehSim" prefix_auto="1" extension_auto="1" />
				<Option object_output="obj/Release/" />
				<Option type="1" />
				<Option compiler="gcc" />
				<Compiler>
					<Add option="-O2" />
					<Add option="-std=c++11" />
					<Add option="-DDEBUG" />
				</Compiler>
				<Linker>
					<Add option="-s" />
				</Linker>
			</Target>
		</Build>
		<Compiler>
			<Add option="-Wall" />
			<Add option="-fexceptions" />
			<Add option="-DDEBUG" />
			<Add option="-DINIDEBUG" />
		</Compiler>
		<Unit filename="DM.cpp" />
		<Unit filename="DM.h" />
		<Unit filename="Init.cpp" />
		<Unit filename="Init.h" />
		<Unit filename="OS.cpp" />
		<Unit filename="OS.h" />
		<Unit filename="RM.cpp" />
		<Unit filename="RM.h" />
		<Unit filename="Tools.cpp" />
		<Unit filename="Tools.h" />
		<Unit filename="bin/Release/ini.txt" />
		<Unit filename="main.cpp" />
		<Unit filename="readme.txt" />
		<Extensions>
			<code_completion />
			<envvars />
			<debugger />
			<lib_finder disable_auto="1" />
		</Extensions>
	</Project>
</CodeBlocks_project_file>
